
Microsoft Visual Studio Solution File, Format Version 12.00
# Visual Studio Version 17
VisualStudioVersion = 17.1.32210.238
MinimumVisualStudioVersion = 10.0.40219.1
Project("{888888A0-9F3D-457C-B088-3A5042F75D52}") = "FlaskWebProject1", "FlaskWebProject1.pyproj", "{119F5F92-4219-4268-A257-3E6192B0A9AD}"
EndProject
Global
	GlobalSection(SolutionConfigurationPlatforms) = preSolution
		Debug|Any CPU = Debug|Any CPU
		Release|Any CPU = Release|Any CPU
	EndGlobalSection
	GlobalSection(ProjectConfigurationPlatforms) = postSolution
		{119F5F92-4219-4268-A257-3E6192B0A9AD}.Debug|Any CPU.ActiveCfg = Debug|Any CPU
		{119F5F92-4219-4268-A257-3E6192B0A9AD}.Debug|Any CPU.Build.0 = Debug|Any CPU
		{119F5F92-4219-4268-A257-3E6192B0A9AD}.Release|Any CPU.ActiveCfg = Release|Any CPU
		{119F5F92-4219-4268-A257-3E6192B0A9AD}.Release|Any CPU.Build.0 = Release|Any CPU
	EndGlobalSection
	GlobalSection(SolutionProperties) = preSolution
		HideSolutionNode = FALSE
	EndGlobalSection
	GlobalSection(ExtensibilityGlobals) = postSolution
		SolutionGuid = {25668807-E946-42D8-9FEF-2579612E557A}
	EndGlobalSection
EndGlobal
